
Microsoft Visual Studio Solution File, Format Version 12.00
# Visual Studio Version 17
VisualStudioVersion = 17.11.35222.181
MinimumVisualStudioVersion = 10.0.40219.1
Project("{FAE04EC0-301F-11D3-BF4B-00C04F79EFBC}") = "CarInventory", "CarInventory\CarInventory.csproj", "{6F764B58-0E20-4621-AE3D-8617089F1215}"
EndProject
Global
	GlobalSection(SolutionConfigurationPlatforms) = preSolution
		Debug|Any CPU = Debug|Any CPU
		Release|Any CPU = Release|Any CPU
	EndGlobalSection
	GlobalSection(ProjectConfigurationPlatforms) = postSolution
		{6F764B58-0E20-4621-AE3D-8617089F1215}.Debug|Any CPU.ActiveCfg = Debug|Any CPU
		{6F764B58-0E20-4621-AE3D-8617089F1215}.Debug|Any CPU.Build.0 = Debug|Any CPU
		{6F764B58-0E20-4621-AE3D-8617089F1215}.Release|Any CPU.ActiveCfg = Release|Any CPU
		{6F764B58-0E20-4621-AE3D-8617089F1215}.Release|Any CPU.Build.0 = Release|Any CPU
	EndGlobalSection
	GlobalSection(SolutionProperties) = preSolution
		HideSolutionNode = FALSE
	EndGlobalSection
	GlobalSection(ExtensibilityGlobals) = postSolution
		SolutionGuid = {8EFE8C5E-947D-4531-8EBD-06EB4367465D}
	EndGlobalSection
EndGlobal
